
Microsoft Visual Studio Solution File, Format Version 12.00
# Visual Studio 15
VisualStudioVersion = 15.0.27004.2005
MinimumVisualStudioVersion = 10.0.40219.1
Project("{8BC9CEB8-8B4A-11D0-8D11-00A0C91BC942}") = "CudaSampleApp", "CudaSampleApp\CudaSampleApp.vcxproj", "{22DB64E2-BA1D-42F3-BF8B-1B09767FB144}"
EndProject
Project("{8BC9CEB8-8B4A-11D0-8D11-00A0C91BC942}") = "ComplexCalcLib", "ComplexCalcLib\ComplexCalcLib.vcxproj", "{80127CF3-D9DC-4092-A2F1-F52A2D2A4AAB}"
EndProject
Global
	GlobalSection(SolutionConfigurationPlatforms) = preSolution
		Debug|x64 = Debug|x64
		Debug|x86 = Debug|x86
		Release|x64 = Release|x64
		Release|x86 = Release|x86
	EndGlobalSection
	GlobalSection(ProjectConfigurationPlatforms) = postSolution
		{22DB64E2-BA1D-42F3-BF8B-1B09767FB144}.Debug|x64.ActiveCfg = Debug|x64
		{22DB64E2-BA1D-42F3-BF8B-1B09767FB144}.Debug|x64.Build.0 = Debug|x64
		{22DB64E2-BA1D-42F3-BF8B-1B09767FB144}.Debug|x86.ActiveCfg = Debug|Win32
		{22DB64E2-BA1D-42F3-BF8B-1B09767FB144}.Debug|x86.Build.0 = Debug|Win32
		{22DB64E2-BA1D-42F3-BF8B-1B09767FB144}.Release|x64.ActiveCfg = Release|x64
		{22DB64E2-BA1D-42F3-BF8B-1B09767FB144}.Release|x64.Build.0 = Release|x64
		{22DB64E2-BA1D-42F3-BF8B-1B09767FB144}.Release|x86.ActiveCfg = Release|Win32
		{22DB64E2-BA1D-42F3-BF8B-1B09767FB144}.Release|x86.Build.0 = Release|Win32
		{80127CF3-D9DC-4092-A2F1-F52A2D2A4AAB}.Debug|x64.ActiveCfg = Debug|x64
		{80127CF3-D9DC-4092-A2F1-F52A2D2A4AAB}.Debug|x64.Build.0 = Debug|x64
		{80127CF3-D9DC-4092-A2F1-F52A2D2A4AAB}.Debug|x86.ActiveCfg = Debug|x64
		{80127CF3-D9DC-4092-A2F1-F52A2D2A4AAB}.Release|x64.ActiveCfg = Release|x64
		{80127CF3-D9DC-4092-A2F1-F52A2D2A4AAB}.Release|x64.Build.0 = Release|x64
		{80127CF3-D9DC-4092-A2F1-F52A2D2A4AAB}.Release|x86.ActiveCfg = Release|x64
	EndGlobalSection
	GlobalSection(SolutionProperties) = preSolution
		HideSolutionNode = FALSE
	EndGlobalSection
	GlobalSection(ExtensibilityGlobals) = postSolution
		SolutionGuid = {3DF81138-B70F-4FE6-8CD9-32EB49558A47}
	EndGlobalSection
EndGlobal
